// !$*UTF8*$!
{
	archiveVersion = 1;
	classes = {
	};
	objectVersion = 46;
	objects = {

/* Begin PBXBuildFile section */
		76F2A32C1BCB65A8000CE22D /* main.m in Sources */ = {isa = PBXBuildFile; fileRef = 76F2A32B1BCB65A8000CE22D /* main.m */; };
		76F2A32F1BCB65A8000CE22D /* AppDelegate.m in Sources */ = {isa = PBXBuildFile; fileRef = 76F2A32E1BCB65A8000CE22D /* AppDelegate.m */; };
		76F2A3321BCB65A8000CE22D /* ViewController.m in Sources */ = {isa = PBXBuildFile; fileRef = 76F2A3311BCB65A8000CE22D /* ViewController.m */; };
		76F2A3351BCB65A8000CE22D /* Main.storyboard in Resources */ = {isa = PBXBuildFile; fileRef = 76F2A3331BCB65A8000CE22D /* Main.storyboard */; };
		76F2A3371BCB65A8000CE22D /* Images.xcassets in Resources */ = {isa = PBXBuildFile; fileRef = 76F2A3361BCB65A8000CE22D /* Images.xcassets */; };
		76F2A33A1BCB65A8000CE22D /* LaunchScreen.xib in Resources */ = {isa = PBXBuildFile; fileRef = 76F2A3381BCB65A8000CE22D /* LaunchScreen.xib */; };
		76F2A3461BCB65A8000CE22D /* ___Tests.m in Sources */ = {isa = PBXBuildFile; fileRef = 76F2A3451BCB65A8000CE22D /* ___Tests.m */; };
/* End PBXBuildFile section */

/* Begin PBXContainerItemProxy section */
		76F2A3401BCB65A8000CE22D /* PBXContainerItemProxy */ = {
			isa = PBXContainerItemProxy;
			containerPortal = 76F2A31E1BCB65A8000CE22D /* Project object */;
			proxyType = 1;
			remoteGlobalIDString = 76F2A3251BCB65A8000CE22D;
			remoteInfo = "微微博";
		};
/* End PBXContainerItemProxy section */

/* Begin PBXFileReference section */
		76F2A3261BCB65A8000CE22D /* 微微博.app */ = {isa = PBXFileReference; explicitFileType = wrapper.application; includeInIndex = 0; path = "微微博.app"; sourceTree = BUILT_PRODUCTS_DIR; };
		76F2A32A1BCB65A8000CE22D /* Info.plist */ = {isa = PBXFileReference; lastKnownFileType = text.plist.xml; path = Info.plist; sourceTree = "<group>"; };
		76F2A32B1BCB65A8000CE22D /* main.m */ = {isa = PBXFileReference; lastKnownFileType = sourcecode.c.objc; path = main.m; sourceTree = "<group>"; };
		76F2A32D1BCB65A8000CE22D /* AppDelegate.h */ = {isa = PBXFileReference; lastKnownFileType = sourcecode.c.h; path = AppDelegate.h; sourceTree = "<group>"; };
		76F2A32E1BCB65A8000CE22D /* AppDelegate.m */ = {isa = PBXFileReference; lastKnownFileType = sourcecode.c.objc; path = AppDelegate.m; sourceTree = "<group>"; };
		76F2A3301BCB65A8000CE22D /* ViewController.h */ = {isa = PBXFileReference; lastKnownFileType = sourcecode.c.h; path = ViewController.h; sourceTree = "<group>"; };
		76F2A3311BCB65A8000CE22D /* ViewController.m */ = {isa = PBXFileReference; lastKnownFileType = sourcecode.c.objc; path = ViewController.m; sourceTree = "<group>"; };
		76F2A3341BCB65A8000CE22D /* Base */ = {isa = PBXFileReference; lastKnownFileType = file.storyboard; name = Base; path = Base.lproj/Main.storyboard; sourceTree = "<group>"; };
		76F2A3361BCB65A8000CE22D /* Images.xcassets */ = {isa = PBXFileReference; lastKnownFileType = folder.assetcatalog; path = Images.xcassets; sourceTree = "<group>"; };
		76F2A3391BCB65A8000CE22D /* Base */ = {isa = PBXFileReference; lastKnownFileType = file.xib; name = Base; path = Base.lproj/LaunchScreen.xib; sourceTree = "<group>"; };
		76F2A33F1BCB65A8000CE22D /* 微微博Tests.xctest */ = {isa = PBXFileReference; explicitFileType = wrapper.cfbundle; includeInIndex = 0; path = "微微博Tests.xctest"; sourceTree = BUILT_PRODUCTS_DIR; };
		76F2A3441BCB65A8000CE22D /* Info.plist */ = {isa = PBXFileReference; lastKnownFileType = text.plist.xml; path = Info.plist; sourceTree = "<group>"; };
		76F2A3451BCB65A8000CE22D /* ___Tests.m */ = {isa = PBXFileReference; lastKnownFileType = sourcecode.c.objc; path = "___Tests.m"; sourceTree = "<group>"; };
/* End PBXFileReference section */

/* Begin PBXFrameworksBuildPhase section */
		76F2A3231BCB65A8000CE22D /* Frameworks */ = {
			isa = PBXFrameworksBuildPhase;
			buildActionMask = 2147483647;
			files = (
			);
			runOnlyForDeploymentPostprocessing = 0;
		};
		76F2A33C1BCB65A8000CE22D /* Frameworks */ = {
			isa = PBXFrameworksBuildPhase;
			buildActionMask = 2147483647;
			files = (
			);
			runOnlyForDeploymentPostprocessing = 0;
		};
/* End PBXFrameworksBuildPhase section */

/* Begin PBXGroup section */
		76F2A31D1BCB65A8000CE22D = {
			isa = PBXGroup;
			children = (
				76F2A3281BCB65A8000CE22D /* 微微博 */,
				76F2A3421BCB65A8000CE22D /* 微微博Tests */,
				76F2A3271BCB65A8000CE22D /* Products */,
			);
			sourceTree = "<group>";
		};
		76F2A3271BCB65A8000CE22D /* Products */ = {
			isa = PBXGroup;
			children = (
				76F2A3261BCB65A8000CE22D /* 微微博.app */,
				76F2A33F1BCB65A8000CE22D /* 微微博Tests.xctest */,
			);
			name = Products;
			sourceTree = "<group>";
		};
		76F2A3281BCB65A8000CE22D /* 微微博 */ = {
			isa = PBXGroup;
			children = (
				76F2A32D1BCB65A8000CE22D /* AppDelegate.h */,
				76F2A32E1BCB65A8000CE22D /* AppDelegate.m */,
				76F2A3301BCB65A8000CE22D /* ViewController.h */,
				76F2A3311BCB65A8000CE22D /* ViewController.m */,
				76F2A3331BCB65A8000CE22D /* Main.storyboard */,
				76F2A3361BCB65A8000CE22D /* Images.xcassets */,
				76F2A3381BCB65A8000CE22D /* LaunchScreen.xib */,
				76F2A3291BCB65A8000CE22D /* Supporting Files */,
			);
			path = "微微博";
			sourceTree = "<group>";
		};
		76F2A3291BCB65A8000CE22D /* Supporting Files */ = {
			isa = PBXGroup;
			children = (
				76F2A32A1BCB65A8000CE22D /* Info.plist */,
				76F2A32B1BCB65A8000CE22D /* main.m */,
			);
			name = "Supporting Files";
			sourceTree = "<group>";
		};
		76F2A3421BCB65A8000CE22D /* 微微博Tests */ = {
			isa = PBXGroup;
			children = (
				76F2A3451BCB65A8000CE22D /* ___Tests.m */,
				76F2A3431BCB65A8000CE22D /* Supporting Files */,
			);
			path = "微微博Tests";
			sourceTree = "<group>";
		};
		76F2A3431BCB65A8000CE22D /* Supporting Files */ = {
			isa = PBXGroup;
			children = (
				76F2A3441BCB65A8000CE22D /* Info.plist */,
			);
			name = "Supporting Files";
			sourceTree = "<group>";
		};
/* End PBXGroup section */

/* Begin PBXNativeTarget section */
		76F2A3251BCB65A8000CE22D /* 微微博 */ = {
			isa = PBXNativeTarget;
			buildConfigurationList = 76F2A3491BCB65A8000CE22D /* Build configuration list for PBXNativeTarget "微微博" */;
			buildPhases = (
				76F2A3221BCB65A8000CE22D /* Sources */,
				76F2A3231BCB65A8000CE22D /* Frameworks */,
				76F2A3241BCB65A8000CE22D /* Resources */,
			);
			buildRules = (
			);
			dependencies = (
			);
			name = "微微博";
			productName = "微微博";
			productReference = 76F2A3261BCB65A8000CE22D /* 微微博.app */;
			productType = "com.apple.product-type.application";
		};
		76F2A33E1BCB65A8000CE22D /* 微微博Tests */ = {
			isa = PBXNativeTarget;
			buildConfigurationList = 76F2A34C1BCB65A8000CE22D /* Build configuration list for PBXNativeTarget "微微博Tests" */;
			buildPhases = (
				76F2A33B1BCB65A8000CE22D /* Sources */,
				76F2A33C1BCB65A8000CE22D /* Frameworks */,
				76F2A33D1BCB65A8000CE22D /* Resources */,
			);
			buildRules = (
			);
			dependencies = (
				76F2A3411BCB65A8000CE22D /* PBXTargetDependency */,
			);
			name = "微微博Tests";
			productName = "微微博Tests";
			productReference = 76F2A33F1BCB65A8000CE22D /* 微微博Tests.xctest */;
			productType = "com.apple.product-type.bundle.unit-test";
		};
/* End PBXNativeTarget section */

/* Begin PBXProject section */
		76F2A31E1BCB65A8000CE22D /* Project object */ = {
			isa = PBXProject;
			attributes = {
				LastUpgradeCheck = 0620;
				ORGANIZATIONNAME = cdf;
				TargetAttributes = {
					76F2A3251BCB65A8000CE22D = {
						CreatedOnToolsVersion = 6.2;
					};
					76F2A33E1BCB65A8000CE22D = {
						CreatedOnToolsVersion = 6.2;
						TestTargetID = 76F2A3251BCB65A8000CE22D;
					};
				};
			};
			buildConfigurationList = 76F2A3211BCB65A8000CE22D /* Build configuration list for PBXProject "微微博" */;
			compatibilityVersion = "Xcode 3.2";
			developmentRegion = English;
			hasScannedForEncodings = 0;
			knownRegions = (
				en,
				Base,
			);
			mainGroup = 76F2A31D1BCB65A8000CE22D;
			productRefGroup = 76F2A3271BCB65A8000CE22D /* Products */;
			projectDirPath = "";
			projectRoot = "";
			targets = (
				76F2A3251BCB65A8000CE22D /* 微微博 */,
				76F2A33E1BCB65A8000CE22D /* 微微博Tests */,
			);
		};
/* End PBXProject section */

/* Begin PBXResourcesBuildPhase section */
		76F2A3241BCB65A8000CE22D /* Resources */ = {
			isa = PBXResourcesBuildPhase;
			buildActionMask = 2147483647;
			files = (
				76F2A3351BCB65A8000CE22D /* Main.storyboard in Resources */,
				76F2A33A1BCB65A8000CE22D /* LaunchScreen.xib in Resources */,
				76F2A3371BCB65A8000CE22D /* Images.xcassets in Resources */,
			);
			runOnlyForDeploymentPostprocessing = 0;
		};
		76F2A33D1BCB65A8000CE22D /* Resources */ = {
			isa = PBXResourcesBuildPhase;
			buildActionMask = 2147483647;
			files = (
			);
			runOnlyForDeploymentPostprocessing = 0;
		};
/* End PBXResourcesBuildPhase section */

/* Begin PBXSourcesBuildPhase section */
		76F2A3221BCB65A8000CE22D /* Sources */ = {
			isa = PBXSourcesBuildPhase;
			buildActionMask = 2147483647;
			files = (
				76F2A3321BCB65A8000CE22D /* ViewController.m in Sources */,
				76F2A32F1BCB65A8000CE22D /* AppDelegate.m in Sources */,
				76F2A32C1BCB65A8000CE22D /* main.m in Sources */,
			);
			runOnlyForDeploymentPostprocessing = 0;
		};
		76F2A33B1BCB65A8000CE22D /* Sources */ = {
			isa = PBXSourcesBuildPhase;
			buildActionMask = 2147483647;
			files = (
				76F2A3461BCB65A8000CE22D /* ___Tests.m in Sources */,
			);
			runOnlyForDeploymentPostprocessing = 0;
		};
/* End PBXSourcesBuildPhase section */

/* Begin PBXTargetDependency section */
		76F2A3411BCB65A8000CE22D /* PBXTargetDependency */ = {
			isa = PBXTargetDependency;
			target = 76F2A3251BCB65A8000CE22D /* 微微博 */;
			targetProxy = 76F2A3401BCB65A8000CE22D /* PBXContainerItemProxy */;
		};
/* End PBXTargetDependency section */

/* Begin PBXVariantGroup section */
		76F2A3331BCB65A8000CE22D /* Main.storyboard */ = {
			isa = PBXVariantGroup;
			children = (
				76F2A3341BCB65A8000CE22D /* Base */,
			);
			name = Main.storyboard;
			sourceTree = "<group>";
		};
		76F2A3381BCB65A8000CE22D /* LaunchScreen.xib */ = {
			isa = PBXVariantGroup;
			children = (
				76F2A3391BCB65A8000CE22D /* Base */,
			);
			name = LaunchScreen.xib;
			sourceTree = "<group>";
		};
/* End PBXVariantGroup section */

/* Begin XCBuildConfiguration section */
		76F2A3471BCB65A8000CE22D /* Debug */ = {
			isa = XCBuildConfiguration;
			buildSettings = {
				ALWAYS_SEARCH_USER_PATHS = NO;
				CLANG_CXX_LANGUAGE_STANDARD = "gnu++0x";
				CLANG_CXX_LIBRARY = "libc++";
				CLANG_ENABLE_MODULES = YES;
				CLANG_ENABLE_OBJC_ARC = YES;
				CLANG_WARN_BOOL_CONVERSION = YES;
				CLANG_WARN_CONSTANT_CONVERSION = YES;
				CLANG_WARN_DIRECT_OBJC_ISA_USAGE = YES_ERROR;
				CLANG_WARN_EMPTY_BODY = YES;
				CLANG_WARN_ENUM_CONVERSION = YES;
				CLANG_WARN_INT_CONVERSION = YES;
				CLANG_WARN_OBJC_ROOT_CLASS = YES_ERROR;
				CLANG_WARN_UNREACHABLE_CODE = YES;
				CLANG_WARN__DUPLICATE_METHOD_MATCH = YES;
				"CODE_SIGN_IDENTITY[sdk=iphoneos*]" = "iPhone Developer";
				COPY_PHASE_STRIP = NO;
				ENABLE_STRICT_OBJC_MSGSEND = YES;
				GCC_C_LANGUAGE_STANDARD = gnu99;
				GCC_DYNAMIC_NO_PIC = NO;
				GCC_OPTIMIZATION_LEVEL = 0;
				GCC_PREPROCESSOR_DEFINITIONS = (
					"DEBUG=1",
					"$(inherited)",
				);
				GCC_SYMBOLS_PRIVATE_EXTERN = NO;
				GCC_WARN_64_TO_32_BIT_CONVERSION = YES;
				GCC_WARN_ABOUT_RETURN_TYPE = YES_ERROR;
				GCC_WARN_UNDECLARED_SELECTOR = YES;
				GCC_WARN_UNINITIALIZED_AUTOS = YES_AGGRESSIVE;
				GCC_WARN_UNUSED_FUNCTION = YES;
				GCC_WARN_UNUSED_VARIABLE = YES;
				IPHONEOS_DEPLOYMENT_TARGET = 8.2;
				MTL_ENABLE_DEBUG_INFO = YES;
				ONLY_ACTIVE_ARCH = YES;
				SDKROOT = iphoneos;
				TARGETED_DEVICE_FAMILY = "1,2";
			};
			name = Debug;
		};
		76F2A3481BCB65A8000CE22D /* Release */ = {
			isa = XCBuildConfiguration;
			buildSettings = {
				ALWAYS_SEARCH_USER_PATHS = NO;
				CLANG_CXX_LANGUAGE_STANDARD = "gnu++0x";
				CLANG_CXX_LIBRARY = "libc++";
				CLANG_ENABLE_MODULES = YES;
				CLANG_ENABLE_OBJC_ARC = YES;
				CLANG_WARN_BOOL_CONVERSION = YES;
				CLANG_WARN_CONSTANT_CONVERSION = YES;
				CLANG_WARN_DIRECT_OBJC_ISA_USAGE = YES_ERROR;
				CLANG_WARN_EMPTY_BODY = YES;
				CLANG_WARN_ENUM_CONVERSION = YES;
				CLANG_WARN_INT_CONVERSION = YES;
				CLANG_WARN_OBJC_ROOT_CLASS = YES_ERROR;
				CLANG_WARN_UNREACHABLE_CODE = YES;
				CLANG_WARN__DUPLICATE_METHOD_MATCH = YES;
				"CODE_SIGN_IDENTITY[sdk=iphoneos*]" = "iPhone Developer";
				COPY_PHASE_STRIP = NO;
				ENABLE_NS_ASSERTIONS = NO;
				ENABLE_STRICT_OBJC_MSGSEND = YES;
				GCC_C_LANGUAGE_STANDARD = gnu99;
				GCC_WARN_64_TO_32_BIT_CONVERSION = YES;
				GCC_WARN_ABOUT_RETURN_TYPE = YES_ERROR;
				GCC_WARN_UNDECLARED_SELECTOR = YES;
				GCC_WARN_UNINITIALIZED_AUTOS = YES_AGGRESSIVE;
				GCC_WARN_UNUSED_FUNCTION = YES;
				GCC_WARN_UNUSED_VARIABLE = YES;
				IPHONEOS_DEPLOYMENT_TARGET = 8.2;
				MTL_ENABLE_DEBUG_INFO = NO;
				SDKROOT = iphoneos;
				TARGETED_DEVICE_FAMILY = "1,2";
				VALIDATE_PRODUCT = YES;
			};
			name = Release;
		};
		76F2A34A1BCB65A8000CE22D /* Debug */ = {
			isa = XCBuildConfiguration;
			buildSettings = {
				ASSETCATALOG_COMPILER_APPICON_NAME = AppIcon;
				INFOPLIST_FILE = "微微博/Info.plist";
				LD_RUNPATH_SEARCH_PATHS = "$(inherited) @executable_path/Frameworks";
				PRODUCT_NAME = "$(TARGET_NAME)";
			};
			name = Debug;
		};
		76F2A34B1BCB65A8000CE22D /* Release */ = {
			isa = XCBuildConfiguration;
			buildSettings = {
				ASSETCATALOG_COMPILER_APPICON_NAME = AppIcon;
				INFOPLIST_FILE = "微微博/Info.plist";
				LD_RUNPATH_SEARCH_PATHS = "$(inherited) @executable_path/Frameworks";
				PRODUCT_NAME = "$(TARGET_NAME)";
			};
			name = Release;
		};
		76F2A34D1BCB65A8000CE22D /* Debug */ = {
			isa = XCBuildConfiguration;
			buildSettings = {
				BUNDLE_LOADER = "$(TEST_HOST)";
				FRAMEWORK_SEARCH_PATHS = (
					"$(SDKROOT)/Developer/Library/Frameworks",
					"$(inherited)",
				);
				GCC_PREPROCESSOR_DEFINITIONS = (
					"DEBUG=1",
					"$(inherited)",
				);
				INFOPLIST_FILE = "微微博Tests/Info.plist";
				LD_RUNPATH_SEARCH_PATHS = "$(inherited) @executable_path/Frameworks @loader_path/Frameworks";
				PRODUCT_NAME = "$(TARGET_NAME)";
				TEST_HOST = "$(BUILT_PRODUCTS_DIR)/微微博.app/微微博";
			};
			name = Debug;
		};
		76F2A34E1BCB65A8000CE22D /* Release */ = {
			isa = XCBuildConfiguration;
			buildSettings = {
				BUNDLE_LOADER = "$(TEST_HOST)";
				FRAMEWORK_SEARCH_PATHS = (
					"$(SDKROOT)/Developer/Library/Frameworks",
					"$(inherited)",
				);
				INFOPLIST_FILE = "微微博Tests/Info.plist";
				LD_RUNPATH_SEARCH_PATHS = "$(inherited) @executable_path/Frameworks @loader_path/Frameworks";
				PRODUCT_NAME = "$(TARGET_NAME)";
				TEST_HOST = "$(BUILT_PRODUCTS_DIR)/微微博.app/微微博";
			};
			name = Release;
		};
/* End XCBuildConfiguration section */

/* Begin XCConfigurationList section */
		76F2A3211BCB65A8000CE22D /* Build configuration list for PBXProject "微微博" */ = {
			isa = XCConfigurationList;
			buildConfigurations = (
				76F2A3471BCB65A8000CE22D /* Debug */,
				76F2A3481BCB65A8000CE22D /* Release */,
			);
			defaultConfigurationIsVisible = 0;
			defaultConfigurationName = Release;
		};
		76F2A3491BCB65A8000CE22D /* Build configuration list for PBXNativeTarget "微微博" */ = {
			isa = XCConfigurationList;
			buildConfigurations = (
				76F2A34A1BCB65A8000CE22D /* Debug */,
				76F2A34B1BCB65A8000CE22D /* Release */,
			);
			defaultConfigurationIsVisible = 0;
		};
		76F2A34C1BCB65A8000CE22D /* Build configuration list for PBXNativeTarget "微微博Tests" */ = {
			isa = XCConfigurationList;
			buildConfigurations = (
				76F2A34D1BCB65A8000CE22D /* Debug */,
				76F2A34E1BCB65A8000CE22D /* Release */,
			);
			defaultConfigurationIsVisible = 0;
		};
/* End XCConfigurationList section */
	};
	rootObject = 76F2A31E1BCB65A8000CE22D /* Project object */;
}
